{
  "version": 4,
  "terraform_version": "1.3.4",
  "serial": 318,
  "lineage": "156b1830-c6f8-e95b-d90d-14d238549041",
  "outputs": {},
  "resources": [
    {
      "mode": "data",
      "type": "aws_acm_certificate",
      "name": "CRCACMCert",
      "provider": "provider[\"registry.terraform.io/hashicorp/aws\"]",
      "instances": [
        {
          "schema_version": 0,
          "attributes": {
            "arn": "arn:aws:acm:us-east-1:291242051131:certificate/b1dfdf6f-97d6-4677-bc0a-5b980f45fd74",
            "certificate": "-----BEGIN CERTIFICATE-----\nMIIF/TCCBOWgAwIBAgIQC6rPwFtIEoB9N+QLbB809zANBgkqhkiG9w0BAQsFADA8\nMQswCQYDVQQGEwJVUzEPMA0GA1UEChMGQW1hem9uMRwwGgYDVQQDExNBbWF6b24g\nUlNBIDIwNDggTTAxMB4XDTIyMTExMTAwMDAwMFoXDTIzMTIxMDIzNTk1OVowGzEZ\nMBcGA1UEAxMQamNvc2lvcmVzdW1lLmNvbTCCASIwDQYJKoZIhvcNAQEBBQADggEP\nADCCAQoCggEBAMoJTPUwFdcCnShEQ92wCiPqAVuoigLTjnIR8AV7Yk1v1nioMETG\nxw+9TER9tvEXvF9lLAXGZ9+CvvaR+t2X1nGUYwKCbZBTPO0q+NCjH84fv8aAVdCB\nI6iNUFJ72ctb2ADleaNtvnHmJKuh1wAGepQngRPlj52JJ1rWUVK/DJsJaRXUVNN9\nRYE5tTEkJmSnnUD/IKqFfiG5E99Y1RvO4pC8WaKF2DnsMAqgQuK7U6+klFBw2e6J\nmlfZNeuIQgvc87UyRH4mY5ZdcAfwIB86UNdZL18FP++ad8eBYhrFUg2f/6oB9Wnn\n2439qpGIUtZiRaVx9aVBhis0rHoaMm3L+zcCAwEAAaOCAxowggMWMB8GA1UdIwQY\nMBaAFIG4DmOKiRIY5fo7O1CVn+blkBOFMB0GA1UdDgQWBBRsb4vpR5e0eX61zSDG\nXWFXmd3HGjBKBgNVHREEQzBBghBqY29zaW9yZXN1bWUuY29tghR3d3cuamNvc2lv\ncmVzdW1lLmNvbYIXY3JjYXBpLmpjb3Npb3Jlc3VtZS5jb20wDgYDVR0PAQH/BAQD\nAgWgMB0GA1UdJQQWMBQGCCsGAQUFBwMBBggrBgEFBQcDAjA7BgNVHR8ENDAyMDCg\nLqAshipodHRwOi8vY3JsLnIybTAxLmFtYXpvbnRydXN0LmNvbS9yMm0wMS5jcmww\nEwYDVR0gBAwwCjAIBgZngQwBAgEwdQYIKwYBBQUHAQEEaTBnMC0GCCsGAQUFBzAB\nhiFodHRwOi8vb2NzcC5yMm0wMS5hbWF6b250cnVzdC5jb20wNgYIKwYBBQUHMAKG\nKmh0dHA6Ly9jcnQucjJtMDEuYW1hem9udHJ1c3QuY29tL3IybTAxLmNlcjAMBgNV\nHRMBAf8EAjAAMIIBgAYKKwYBBAHWeQIEAgSCAXAEggFsAWoAdwDoPtDaPvUGNTLn\nVyi8iWvJA9PL0RFr7Otp4Xd9bQa9bgAAAYRomxAeAAAEAwBIMEYCIQCOVl+1ljAe\nymxwosGl/PuJNquz5cJZgQppCJm/JjlMDwIhAOd72uHzR2IQtUA8mvu9uwODk6cq\n/81OsyArzic7omCRAHcAs3N3B+GEUPhjhtYFqdwRCUp5LbFnDAuH3PADDnk2pZoA\nAAGEaJsQbwAABAMASDBGAiEAx38bxYBCAFNEgzFkWc7QTAa+dFwpK3O75r29nklk\npH0CIQDY2wSEw1E4drzjwlOxmnfuG9R8nNuVpA8VmgXHooI9pgB2ALc++yTfnE26\ndfI5xbpY9Gxd/ELPep81xJ4dCYEl7bSZAAABhGibECkAAAQDAEcwRQIhAPaAEvtL\n62kjDPDNldZkSs8iHL7Yc5ez3DruRw1SlLoYAiB1ZWU6OxS/C/q40vmE+Ia129kQ\nEgtNxAu+TONvGeUA6DANBgkqhkiG9w0BAQsFAAOCAQEAgdaqpa1qgf43mZ4QHXIO\nFGEK1qBw/Xv667JIQpAX1BhbMcDOBJ6gg5UnfNZMdKCNVZofEXBoKC5D71VFQ8mp\nUayinWEW3LFdU1VteGJwGOmvPUKCvPGpB6QZb7fLVg3hxtHH/JAfjEnrZrneRE6t\nI9RLlZdDoHlJqPZewUAKmoUD/hQmr4vvDWi5ioIAhOfHDfy9ZSItinwkT1mZm0wn\nOuemwUt5gtMcCnBkC/DmtpYFIokRL4FKhMu8/o920cUaSe4tUYZYPzYvt/HA3DjD\nOEDU1sUUEMNG6ftm8gzL3oLx2gPI339fE48LpuL6KhmXNo6G3COzmUKGeo9RoehR\ngg==\n-----END CERTIFICATE-----\n",
            "certificate_chain": "-----BEGIN CERTIFICATE-----\nMIIEXjCCA0agAwIBAgITB3MSOAudZoijOx7Zv5zNpo4ODzANBgkqhkiG9w0BAQsF\nADA5MQswCQYDVQQGEwJVUzEPMA0GA1UEChMGQW1hem9uMRkwFwYDVQQDExBBbWF6\nb24gUm9vdCBDQSAxMB4XDTIyMDgyMzIyMjEyOFoXDTMwMDgyMzIyMjEyOFowPDEL\nMAkGA1UEBhMCVVMxDzANBgNVBAoTBkFtYXpvbjEcMBoGA1UEAxMTQW1hem9uIFJT\nQSAyMDQ4IE0wMTCCASIwDQYJKoZIhvcNAQEBBQADggEPADCCAQoCggEBAOtxLKnL\nH4gokjIwr4pXD3i3NyWVVYesZ1yX0yLI2qIUZ2t88Gfa4gMqs1YSXca1R/lnCKeT\nepWSGA+0+fkQNpp/L4C2T7oTTsddUx7g3ZYzByDTlrwS5HRQQqEFE3O1T5tEJP4t\nf+28IoXsNiEzl3UGzicYgtzj2cWCB41eJgEmJmcf2T8TzzK6a614ZPyq/w4CPAff\nnAV4coz96nW3AyiE2uhuB4zQUIXvgVSycW7sbWLvj5TDXunEpNCRwC4kkZjK7rol\njtT2cbb7W2s4Bkg3R42G3PLqBvt2N32e/0JOTViCk8/iccJ4sXqrS1uUN4iB5Nmv\nJK74csVl+0u0UecCAwEAAaOCAVowggFWMBIGA1UdEwEB/wQIMAYBAf8CAQAwDgYD\nVR0PAQH/BAQDAgGGMB0GA1UdJQQWMBQGCCsGAQUFBwMBBggrBgEFBQcDAjAdBgNV\nHQ4EFgQUgbgOY4qJEhjl+js7UJWf5uWQE4UwHwYDVR0jBBgwFoAUhBjMhTTsvAyU\nlC4IWZzHshBOCggwewYIKwYBBQUHAQEEbzBtMC8GCCsGAQUFBzABhiNodHRwOi8v\nb2NzcC5yb290Y2ExLmFtYXpvbnRydXN0LmNvbTA6BggrBgEFBQcwAoYuaHR0cDov\nL2NydC5yb290Y2ExLmFtYXpvbnRydXN0LmNvbS9yb290Y2ExLmNlcjA/BgNVHR8E\nODA2MDSgMqAwhi5odHRwOi8vY3JsLnJvb3RjYTEuYW1hem9udHJ1c3QuY29tL3Jv\nb3RjYTEuY3JsMBMGA1UdIAQMMAowCAYGZ4EMAQIBMA0GCSqGSIb3DQEBCwUAA4IB\nAQCtAN4CBSMuBjJitGuxlBbkEUDeK/pZwTXv4KqPK0G50fOHOQAd8j21p0cMBgbG\nkfMHVwLU7b0XwZCav0h1ogdPMN1KakK1DT0VwA/+hFvGPJnMV1Kx2G4S1ZaSk0uU\n5QfoiYIIano01J5k4T2HapKQmmOhS/iPtuo00wW+IMLeBuKMn3OLn005hcrOGTad\nhcmeyfhQP7Z+iKHvyoQGi1C0ClymHETx/chhQGDyYSWqB/THwnN15AwLQo0E5V9E\nSJlbe4mBlqeInUsNYugExNf+tOiybcrswBy8OFsd34XOW3rjSUtsuafd9AWySa3h\nxRRrwszrzX/WWGm6wyB+f7C4\n-----END CERTIFICATE-----\n-----BEGIN CERTIFICATE-----\nMIIEkjCCA3qgAwIBAgITBn+USionzfP6wq4rAfkI7rnExjANBgkqhkiG9w0BAQsF\nADCBmDELMAkGA1UEBhMCVVMxEDAOBgNVBAgTB0FyaXpvbmExEzARBgNVBAcTClNj\nb3R0c2RhbGUxJTAjBgNVBAoTHFN0YXJmaWVsZCBUZWNobm9sb2dpZXMsIEluYy4x\nOzA5BgNVBAMTMlN0YXJmaWVsZCBTZXJ2aWNlcyBSb290IENlcnRpZmljYXRlIEF1\ndGhvcml0eSAtIEcyMB4XDTE1MDUyNTEyMDAwMFoXDTM3MTIzMTAxMDAwMFowOTEL\nMAkGA1UEBhMCVVMxDzANBgNVBAoTBkFtYXpvbjEZMBcGA1UEAxMQQW1hem9uIFJv\nb3QgQ0EgMTCCASIwDQYJKoZIhvcNAQEBBQADggEPADCCAQoCggEBALJ4gHHKeNXj\nca9HgFB0fW7Y14h29Jlo91ghYPl0hAEvrAIthtOgQ3pOsqTQNroBvo3bSMgHFzZM\n9O6II8c+6zf1tRn4SWiw3te5djgdYZ6k/oI2peVKVuRF4fn9tBb6dNqcmzU5L/qw\nIFAGbHrQgLKm+a/sRxmPUDgH3KKHOVj4utWp+UhnMJbulHheb4mjUcAwhmahRWa6\nVOujw5H5SNz/0egwLX0tdHA114gk957EWW67c4cX8jJGKLhD+rcdqsq08p8kDi1L\n93FcXmn/6pUCyziKrlA4b9v7LWIbxcceVOF34GfID5yHI9Y/QCB/IIDEgEw+OyQm\njgSubJrIqg0CAwEAAaOCATEwggEtMA8GA1UdEwEB/wQFMAMBAf8wDgYDVR0PAQH/\nBAQDAgGGMB0GA1UdDgQWBBSEGMyFNOy8DJSULghZnMeyEE4KCDAfBgNVHSMEGDAW\ngBScXwDfqgHXMCs4iKK4bUqc8hGRgzB4BggrBgEFBQcBAQRsMGowLgYIKwYBBQUH\nMAGGImh0dHA6Ly9vY3NwLnJvb3RnMi5hbWF6b250cnVzdC5jb20wOAYIKwYBBQUH\nMAKGLGh0dHA6Ly9jcnQucm9vdGcyLmFtYXpvbnRydXN0LmNvbS9yb290ZzIuY2Vy\nMD0GA1UdHwQ2MDQwMqAwoC6GLGh0dHA6Ly9jcmwucm9vdGcyLmFtYXpvbnRydXN0\nLmNvbS9yb290ZzIuY3JsMBEGA1UdIAQKMAgwBgYEVR0gADANBgkqhkiG9w0BAQsF\nAAOCAQEAYjdCXLwQtT6LLOkMm2xF4gcAevnFWAu5CIw+7bMlPLVvUOTNNWqnkzSW\nMiGpSESrnO09tKpzbeR/FoCJbM8oAxiDR3mjEH4wW6w7sGDgd9QIpuEdfF7Au/ma\neyKdpwAJfqxGF4PcnCZXmTA5YpaP7dreqsXMGz7KQ2hsVxa81Q4gLv7/wmpdLqBK\nbRRYh5TmOTFffHPLkIhqhBGWJ6bt2YFGpn6jcgAKUj6DiAdjd4lpFw85hdKrCEVN\n0FE6/V1dN2RMfjCyVSRCnTawXZwXgWHxyvkQAiSr6w10kY17RSlQOYiypok1JR4U\nakcjMS9cmvqtmg5iUaQqqcT5NJ0hGA==\n-----END CERTIFICATE-----\n-----BEGIN CERTIFICATE-----\nMIIEdTCCA12gAwIBAgIJAKcOSkw0grd/MA0GCSqGSIb3DQEBCwUAMGgxCzAJBgNV\nBAYTAlVTMSUwIwYDVQQKExxTdGFyZmllbGQgVGVjaG5vbG9naWVzLCBJbmMuMTIw\nMAYDVQQLEylTdGFyZmllbGQgQ2xhc3MgMiBDZXJ0aWZpY2F0aW9uIEF1dGhvcml0\neTAeFw0wOTA5MDIwMDAwMDBaFw0zNDA2MjgxNzM5MTZaMIGYMQswCQYDVQQGEwJV\nUzEQMA4GA1UECBMHQXJpem9uYTETMBEGA1UEBxMKU2NvdHRzZGFsZTElMCMGA1UE\nChMcU3RhcmZpZWxkIFRlY2hub2xvZ2llcywgSW5jLjE7MDkGA1UEAxMyU3RhcmZp\nZWxkIFNlcnZpY2VzIFJvb3QgQ2VydGlmaWNhdGUgQXV0aG9yaXR5IC0gRzIwggEi\nMA0GCSqGSIb3DQEBAQUAA4IBDwAwggEKAoIBAQDVDDrEKvlO4vW+GZdfjohTsR8/\ny8+fIBNtKTrID30892t2OGPZNmCom15cAICyL1l/9of5JUOG52kbUpqQ4XHj2C0N\nTm/2yEnZtvMaVq4rtnQU68/7JuMauh2WLmo7WJSJR1b/JaCTcFOD2oR0FMNnngRo\nOt+OQFodSk7PQ5E751bWAHDLUu57fa4657wx+UX2wmDPE1kCK4DMNEffud6QZW0C\nzyyRpqbn3oUYSXxmTqM6bam17jQuug0DuDPfR+uxa40l2ZvOgdFFRjKWcIfeAg5J\nQ4W2bHO7ZOphQazJ1FTfhy/HIrImzJ9ZVGif/L4qL8RVHHVAYBeFAlU5i38FAgMB\nAAGjgfAwge0wDwYDVR0TAQH/BAUwAwEB/zAOBgNVHQ8BAf8EBAMCAYYwHQYDVR0O\nBBYEFJxfAN+qAdcwKziIorhtSpzyEZGDMB8GA1UdIwQYMBaAFL9ft9HO3R+G9FtV\nrNzXEMIOqYjnME8GCCsGAQUFBwEBBEMwQTAcBggrBgEFBQcwAYYQaHR0cDovL28u\nc3MyLnVzLzAhBggrBgEFBQcwAoYVaHR0cDovL3guc3MyLnVzL3guY2VyMCYGA1Ud\nHwQfMB0wG6AZoBeGFWh0dHA6Ly9zLnNzMi51cy9yLmNybDARBgNVHSAECjAIMAYG\nBFUdIAAwDQYJKoZIhvcNAQELBQADggEBACMd44pXyn3pF3lM8R5V/cxTbj5HD9/G\nVfKyBDbtgB9TxF00KGu+x1X8Z+rLP3+QsjPNG1gQggL4+C/1E2DUBc7xgQjB3ad1\nl08YuW3e95ORCLp+QCztweq7dp4zBncdDQh/U90bZKuCJ/Fp1U1ervShw3WnWEQt\n8jxwmKy6abaVd38PMV4s/KCHOkdp8Hlf9BRUpJVeEXgSYCfOn8J3/yNTd126/+pZ\n59vPr5KW7ySaNRB6nJHGDn2Z9j8Z3/VyVOEVqQdZe4O/Ui5GjLIAZHYcSNPYeehu\nVsyuLAOQ1xk4meTKCRlb/weWsKh/NEnfVqn3sF/tM+2MR7cwA130A4w=\n-----END CERTIFICATE-----\n",
            "domain": "jcosioresume.com",
            "id": "arn:aws:acm:us-east-1:291242051131:certificate/b1dfdf6f-97d6-4677-bc0a-5b980f45fd74",
            "key_types": null,
            "most_recent": false,
            "status": "ISSUED",
            "statuses": null,
            "tags": {},
            "types": null
          },
          "sensitive_attributes": []
        }
      ]
    },
    {
      "mode": "data",
      "type": "aws_route53_zone",
      "name": "CRCprimary",
      "provider": "provider[\"registry.terraform.io/hashicorp/aws\"]",
      "instances": [
        {
          "schema_version": 0,
          "attributes": {
            "arn": "arn:aws:route53:::hostedzone/Z0046961CW64JLADUF2H",
            "caller_reference": "RISWorkflow-RD:34298f72-7b52-4136-996d-66423b015eca",
            "comment": "HostedZone created by Route53 Registrar",
            "id": "Z0046961CW64JLADUF2H",
            "linked_service_description": null,
            "linked_service_principal": null,
            "name": "jcosioresume.com",
            "name_servers": [
              "ns-369.awsdns-46.com",
              "ns-1102.awsdns-09.org",
              "ns-2021.awsdns-60.co.uk",
              "ns-595.awsdns-10.net"
            ],
            "primary_name_server": "ns-369.awsdns-46.com",
            "private_zone": false,
            "resource_record_set_count": 10,
            "tags": {},
            "vpc_id": null,
            "zone_id": "Z0046961CW64JLADUF2H"
          },
          "sensitive_attributes": []
        }
      ]
    },
    {
      "mode": "managed",
      "type": "aws_acm_certificate_validation",
      "name": "CRCACMValid",
      "provider": "provider[\"registry.terraform.io/hashicorp/aws\"]",
      "instances": [
        {
          "schema_version": 0,
          "attributes": {
            "certificate_arn": "arn:aws:acm:us-east-1:291242051131:certificate/b1dfdf6f-97d6-4677-bc0a-5b980f45fd74",
            "id": "2022-11-11 21:31:46.719 +0000 UTC",
            "timeouts": null,
            "validation_record_fqdns": null
          },
          "sensitive_attributes": [],
          "private": "eyJlMmJmYjczMC1lY2FhLTExZTYtOGY4OC0zNDM2M2JjN2M0YzAiOnsiY3JlYXRlIjo0NTAwMDAwMDAwMDAwfX0=",
          "dependencies": [
            "data.aws_acm_certificate.CRCACMCert"
          ]
        }
      ]
    },
    {
      "mode": "managed",
      "type": "aws_api_gateway_base_path_mapping",
      "name": "CRCAPIdomainmapping",
      "provider": "provider[\"registry.terraform.io/hashicorp/aws\"]",
      "instances": [
        {
          "schema_version": 0,
          "attributes": {
            "api_id": "szymc9v2f0",
            "base_path": "",
            "domain_name": "crcapi.jcosioresume.com",
            "id": "crcapi.jcosioresume.com/",
            "stage_name": "prodv3"
          },
          "sensitive_attributes": [],
          "private": "bnVsbA==",
          "dependencies": [
            "aws_acm_certificate_validation.CRCACMValid",
            "aws_api_gateway_deployment.CRCdeployment",
            "aws_api_gateway_domain_name.CRCAPIDomainName",
            "aws_api_gateway_integration.CRCintegration",
            "aws_api_gateway_method.CRCMethod",
            "aws_api_gateway_resource.CRCResource",
            "aws_api_gateway_rest_api.CRCAPI",
            "aws_api_gateway_stage.CRCAPIstage",
            "aws_iam_role.CRCLambdaRole",
            "aws_lambda_function.CRCLambda",
            "data.aws_acm_certificate.CRCACMCert"
          ]
        }
      ]
    },
    {
      "mode": "managed",
      "type": "aws_api_gateway_deployment",
      "name": "CRCdeployment",
      "provider": "provider[\"registry.terraform.io/hashicorp/aws\"]",
      "instances": [
        {
          "schema_version": 0,
          "attributes": {
            "created_date": "2022-11-15T17:43:19Z",
            "description": "",
            "execution_arn": "arn:aws:execute-api:us-east-1:291242051131:szymc9v2f0/",
            "id": "nbzg20",
            "invoke_url": "https://szymc9v2f0.execute-api.us-east-1.amazonaws.com/",
            "rest_api_id": "szymc9v2f0",
            "stage_description": null,
            "stage_name": null,
            "triggers": {
              "redeployment": "fc7a26991c039d4b12d525bca8fee92cce4bcc56"
            },
            "variables": null
          },
          "sensitive_attributes": [],
          "private": "bnVsbA==",
          "dependencies": [
            "aws_api_gateway_integration.CRCintegration",
            "aws_api_gateway_method.CRCMethod",
            "aws_api_gateway_resource.CRCResource",
            "aws_api_gateway_rest_api.CRCAPI",
            "aws_iam_role.CRCLambdaRole",
            "aws_lambda_function.CRCLambda"
          ],
          "create_before_destroy": true
        }
      ]
    },
    {
      "mode": "managed",
      "type": "aws_api_gateway_domain_name",
      "name": "CRCAPIDomainName",
      "provider": "provider[\"registry.terraform.io/hashicorp/aws\"]",
      "instances": [
        {
          "schema_version": 0,
          "attributes": {
            "arn": "arn:aws:apigateway:us-east-1::/domainnames/crcapi.jcosioresume.com",
            "certificate_arn": "",
            "certificate_body": null,
            "certificate_chain": null,
            "certificate_name": "",
            "certificate_private_key": null,
            "certificate_upload_date": "2022-11-15T17:18:36Z",
            "cloudfront_domain_name": "",
            "cloudfront_zone_id": "Z2FDTNDATAQYW2",
            "domain_name": "crcapi.jcosioresume.com",
            "endpoint_configuration": [
              {
                "types": [
                  "REGIONAL"
                ]
              }
            ],
            "id": "crcapi.jcosioresume.com",
            "mutual_tls_authentication": [],
            "ownership_verification_certificate_arn": "",
            "regional_certificate_arn": "arn:aws:acm:us-east-1:291242051131:certificate/b1dfdf6f-97d6-4677-bc0a-5b980f45fd74",
            "regional_certificate_name": "",
            "regional_domain_name": "d-v3vuxl5qx2.execute-api.us-east-1.amazonaws.com",
            "regional_zone_id": "Z1UJRXOUMOOFQ8",
            "security_policy": "TLS_1_2",
            "tags": {},
            "tags_all": {}
          },
          "sensitive_attributes": [],
          "private": "bnVsbA==",
          "dependencies": [
            "aws_acm_certificate_validation.CRCACMValid",
            "data.aws_acm_certificate.CRCACMCert"
          ]
        }
      ]
    },
    {
      "mode": "managed",
      "type": "aws_api_gateway_gateway_response",
      "name": "response_4xx",
      "provider": "provider[\"registry.terraform.io/hashicorp/aws\"]",
      "instances": [
        {
          "schema_version": 0,
          "attributes": {
            "id": "aggr-szymc9v2f0-DEFAULT_4XX",
            "response_parameters": {
              "gatewayresponse.header.Access-Control-Allow-Origin": "'*'"
            },
            "response_templates": {
              "application/json": "{'message':$context.error.messageString}"
            },
            "response_type": "DEFAULT_4XX",
            "rest_api_id": "szymc9v2f0",
            "status_code": ""
          },
          "sensitive_attributes": [],
          "private": "bnVsbA==",
          "dependencies": [
            "aws_api_gateway_rest_api.CRCAPI"
          ]
        }
      ]
    },
    {
      "mode": "managed",
      "type": "aws_api_gateway_gateway_response",
      "name": "response_5xx",
      "provider": "provider[\"registry.terraform.io/hashicorp/aws\"]",
      "instances": [
        {
          "schema_version": 0,
          "attributes": {
            "id": "aggr-szymc9v2f0-DEFAULT_5XX",
            "response_parameters": {
              "gatewayresponse.header.Access-Control-Allow-Origin": "'*'"
            },
            "response_templates": {
              "application/json": "{'message':$context.error.messageString}"
            },
            "response_type": "DEFAULT_5XX",
            "rest_api_id": "szymc9v2f0",
            "status_code": ""
          },
          "sensitive_attributes": [],
          "private": "bnVsbA==",
          "dependencies": [
            "aws_api_gateway_rest_api.CRCAPI"
          ]
        }
      ]
    },
    {
      "mode": "managed",
      "type": "aws_api_gateway_integration",
      "name": "CRCintegration",
      "provider": "provider[\"registry.terraform.io/hashicorp/aws\"]",
      "instances": [
        {
          "schema_version": 0,
          "attributes": {
            "cache_key_parameters": [],
            "cache_namespace": "8911te",
            "connection_id": "",
            "connection_type": "INTERNET",
            "content_handling": "",
            "credentials": "",
            "http_method": "POST",
            "id": "agi-szymc9v2f0-8911te-POST",
            "integration_http_method": "POST",
            "passthrough_behavior": "WHEN_NO_MATCH",
            "request_parameters": {},
            "request_templates": {},
            "resource_id": "8911te",
            "rest_api_id": "szymc9v2f0",
            "timeout_milliseconds": 29000,
            "tls_config": [],
            "type": "AWS_PROXY",
            "uri": "arn:aws:apigateway:us-east-1:lambda:path/2015-03-31/functions/arn:aws:lambda:us-east-1:291242051131:function:CRCLambda/invocations"
          },
          "sensitive_attributes": [],
          "private": "bnVsbA==",
          "dependencies": [
            "aws_api_gateway_method.CRCMethod",
            "aws_api_gateway_resource.CRCResource",
            "aws_api_gateway_rest_api.CRCAPI",
            "aws_iam_role.CRCLambdaRole",
            "aws_lambda_function.CRCLambda"
          ],
          "create_before_destroy": true
        }
      ]
    },
    {
      "mode": "managed",
      "type": "aws_api_gateway_integration",
      "name": "options_integration",
      "provider": "provider[\"registry.terraform.io/hashicorp/aws\"]",
      "instances": [
        {
          "schema_version": 0,
          "attributes": {
            "cache_key_parameters": [],
            "cache_namespace": "vqu21h",
            "connection_id": "",
            "connection_type": "INTERNET",
            "content_handling": "",
            "credentials": "",
            "http_method": "OPTIONS",
            "id": "agi-szymc9v2f0-vqu21h-OPTIONS",
            "integration_http_method": "",
            "passthrough_behavior": "WHEN_NO_MATCH",
            "request_parameters": {},
            "request_templates": {
              "application/json": "{\"statusCode\":200}"
            },
            "resource_id": "vqu21h",
            "rest_api_id": "szymc9v2f0",
            "timeout_milliseconds": 29000,
            "tls_config": [],
            "type": "MOCK",
            "uri": ""
          },
          "sensitive_attributes": [],
          "private": "bnVsbA==",
          "dependencies": [
            "aws_api_gateway_method.options_method",
            "aws_api_gateway_resource.cors_resource",
            "aws_api_gateway_rest_api.CRCAPI"
          ]
        }
      ]
    },
    {
      "mode": "managed",
      "type": "aws_api_gateway_integration_response",
      "name": "options_integration_response",
      "provider": "provider[\"registry.terraform.io/hashicorp/aws\"]",
      "instances": [
        {
          "schema_version": 0,
          "attributes": {
            "content_handling": "",
            "http_method": "OPTIONS",
            "id": "agir-szymc9v2f0-vqu21h-OPTIONS-200",
            "resource_id": "vqu21h",
            "response_parameters": {
              "method.response.header.Access-Control-Allow-Headers": "'Content-Type,X-Amz-Date,Authorization,X-Api-Key,X-Amz-Security-Token'",
              "method.response.header.Access-Control-Allow-Methods": "'GET,OPTIONS,POST,PUT'",
              "method.response.header.Access-Control-Allow-Origin": "'*'"
            },
            "response_templates": {},
            "rest_api_id": "szymc9v2f0",
            "selection_pattern": "",
            "status_code": "200"
          },
          "sensitive_attributes": [],
          "private": "bnVsbA==",
          "dependencies": [
            "aws_api_gateway_method.options_method",
            "aws_api_gateway_method_response.options_200",
            "aws_api_gateway_resource.cors_resource",
            "aws_api_gateway_rest_api.CRCAPI"
          ]
        }
      ]
    },
    {
      "mode": "managed",
      "type": "aws_api_gateway_method",
      "name": "CRCMethod",
      "provider": "provider[\"registry.terraform.io/hashicorp/aws\"]",
      "instances": [
        {
          "schema_version": 0,
          "attributes": {
            "api_key_required": false,
            "authorization": "NONE",
            "authorization_scopes": [],
            "authorizer_id": "",
            "http_method": "POST",
            "id": "agm-szymc9v2f0-8911te-POST",
            "operation_name": "",
            "request_models": {},
            "request_parameters": {},
            "request_validator_id": "",
            "resource_id": "8911te",
            "rest_api_id": "szymc9v2f0"
          },
          "sensitive_attributes": [],
          "private": "bnVsbA==",
          "dependencies": [
            "aws_api_gateway_resource.CRCResource",
            "aws_api_gateway_rest_api.CRCAPI"
          ],
          "create_before_destroy": true
        }
      ]
    },
    {
      "mode": "managed",
      "type": "aws_api_gateway_method",
      "name": "options_method",
      "provider": "provider[\"registry.terraform.io/hashicorp/aws\"]",
      "instances": [
        {
          "schema_version": 0,
          "attributes": {
            "api_key_required": false,
            "authorization": "NONE",
            "authorization_scopes": [],
            "authorizer_id": "",
            "http_method": "OPTIONS",
            "id": "agm-szymc9v2f0-vqu21h-OPTIONS",
            "operation_name": "",
            "request_models": {},
            "request_parameters": {},
            "request_validator_id": "",
            "resource_id": "vqu21h",
            "rest_api_id": "szymc9v2f0"
          },
          "sensitive_attributes": [],
          "private": "bnVsbA==",
          "dependencies": [
            "aws_api_gateway_resource.cors_resource",
            "aws_api_gateway_rest_api.CRCAPI"
          ]
        }
      ]
    },
    {
      "mode": "managed",
      "type": "aws_api_gateway_method_response",
      "name": "options_200",
      "provider": "provider[\"registry.terraform.io/hashicorp/aws\"]",
      "instances": [
        {
          "schema_version": 0,
          "attributes": {
            "http_method": "OPTIONS",
            "id": "agmr-szymc9v2f0-vqu21h-OPTIONS-200",
            "resource_id": "vqu21h",
            "response_models": {
              "application/json": "Empty"
            },
            "response_parameters": {
              "method.response.header.Access-Control-Allow-Headers": true,
              "method.response.header.Access-Control-Allow-Methods": true,
              "method.response.header.Access-Control-Allow-Origin": true
            },
            "rest_api_id": "szymc9v2f0",
            "status_code": "200"
          },
          "sensitive_attributes": [],
          "private": "bnVsbA==",
          "dependencies": [
            "aws_api_gateway_method.options_method",
            "aws_api_gateway_resource.cors_resource",
            "aws_api_gateway_rest_api.CRCAPI"
          ]
        }
      ]
    },
    {
      "mode": "managed",
      "type": "aws_api_gateway_method_response",
      "name": "response_200",
      "provider": "provider[\"registry.terraform.io/hashicorp/aws\"]",
      "instances": [
        {
          "schema_version": 0,
          "attributes": {
            "http_method": "POST",
            "id": "agmr-szymc9v2f0-8911te-POST-200",
            "resource_id": "8911te",
            "response_models": {},
            "response_parameters": {
              "method.response.header.Access-Control-Allow-Origin": true
            },
            "rest_api_id": "szymc9v2f0",
            "status_code": "200"
          },
          "sensitive_attributes": [],
          "private": "bnVsbA==",
          "dependencies": [
            "aws_api_gateway_method.CRCMethod",
            "aws_api_gateway_resource.CRCResource",
            "aws_api_gateway_rest_api.CRCAPI"
          ]
        }
      ]
    },
    {
      "mode": "managed",
      "type": "aws_api_gateway_resource",
      "name": "CRCResource",
      "provider": "provider[\"registry.terraform.io/hashicorp/aws\"]",
      "instances": [
        {
          "schema_version": 0,
          "attributes": {
            "id": "8911te",
            "parent_id": "5rfgqp31y8",
            "path": "/CRCResource",
            "path_part": "CRCResource",
            "rest_api_id": "szymc9v2f0"
          },
          "sensitive_attributes": [],
          "private": "bnVsbA==",
          "dependencies": [
            "aws_api_gateway_rest_api.CRCAPI"
          ],
          "create_before_destroy": true
        }
      ]
    },
    {
      "mode": "managed",
      "type": "aws_api_gateway_resource",
      "name": "cors_resource",
      "provider": "provider[\"registry.terraform.io/hashicorp/aws\"]",
      "instances": [
        {
          "schema_version": 0,
          "attributes": {
            "id": "vqu21h",
            "parent_id": "5rfgqp31y8",
            "path": "/{cors+}",
            "path_part": "{cors+}",
            "rest_api_id": "szymc9v2f0"
          },
          "sensitive_attributes": [],
          "private": "bnVsbA==",
          "dependencies": [
            "aws_api_gateway_rest_api.CRCAPI"
          ]
        }
      ]
    },
    {
      "mode": "managed",
      "type": "aws_api_gateway_rest_api",
      "name": "CRCAPI",
      "provider": "provider[\"registry.terraform.io/hashicorp/aws\"]",
      "instances": [
        {
          "schema_version": 0,
          "attributes": {
            "api_key_source": "HEADER",
            "arn": "arn:aws:apigateway:us-east-1::/restapis/szymc9v2f0",
            "binary_media_types": [],
            "body": null,
            "created_date": "2022-11-15T17:43:19Z",
            "description": "This is the API for the cloud resume challenge",
            "disable_execute_api_endpoint": true,
            "endpoint_configuration": [
              {
                "types": [
                  "REGIONAL"
                ],
                "vpc_endpoint_ids": []
              }
            ],
            "execution_arn": "arn:aws:execute-api:us-east-1:291242051131:szymc9v2f0",
            "id": "szymc9v2f0",
            "minimum_compression_size": -1,
            "name": "CRCAPI",
            "parameters": null,
            "policy": "",
            "put_rest_api_mode": null,
            "root_resource_id": "5rfgqp31y8",
            "tags": {},
            "tags_all": {}
          },
          "sensitive_attributes": [],
          "private": "bnVsbA==",
          "create_before_destroy": true
        }
      ]
    },
    {
      "mode": "managed",
      "type": "aws_api_gateway_stage",
      "name": "CRCAPIstage",
      "provider": "provider[\"registry.terraform.io/hashicorp/aws\"]",
      "instances": [
        {
          "schema_version": 0,
          "attributes": {
            "access_log_settings": [],
            "arn": "arn:aws:apigateway:us-east-1::/restapis/szymc9v2f0/stages/prodv3",
            "cache_cluster_enabled": false,
            "cache_cluster_size": "",
            "canary_settings": [],
            "client_certificate_id": "",
            "deployment_id": "nbzg20",
            "description": "",
            "documentation_version": "",
            "execution_arn": "arn:aws:execute-api:us-east-1:291242051131:szymc9v2f0/prodv3",
            "id": "ags-szymc9v2f0-prodv3",
            "invoke_url": "https://szymc9v2f0.execute-api.us-east-1.amazonaws.com/prodv3",
            "rest_api_id": "szymc9v2f0",
            "stage_name": "prodv3",
            "tags": {},
            "tags_all": {},
            "variables": {},
            "web_acl_arn": "",
            "xray_tracing_enabled": false
          },
          "sensitive_attributes": [],
          "private": "bnVsbA==",
          "dependencies": [
            "aws_api_gateway_deployment.CRCdeployment",
            "aws_api_gateway_integration.CRCintegration",
            "aws_api_gateway_method.CRCMethod",
            "aws_api_gateway_resource.CRCResource",
            "aws_api_gateway_rest_api.CRCAPI",
            "aws_iam_role.CRCLambdaRole",
            "aws_lambda_function.CRCLambda"
          ]
        }
      ]
    },
    {
      "mode": "managed",
      "type": "aws_dynamodb_table",
      "name": "CRCDBtable",
      "provider": "provider[\"registry.terraform.io/hashicorp/aws\"]",
      "instances": [
        {
          "schema_version": 1,
          "attributes": {
            "arn": "arn:aws:dynamodb:us-east-1:291242051131:table/CRCDBtable",
            "attribute": [
              {
                "name": "Website",
                "type": "S"
              }
            ],
            "billing_mode": "PAY_PER_REQUEST",
            "global_secondary_index": [],
            "hash_key": "Website",
            "id": "CRCDBtable",
            "local_secondary_index": [],
            "name": "CRCDBtable",
            "point_in_time_recovery": [
              {
                "enabled": false
              }
            ],
            "range_key": null,
            "read_capacity": 0,
            "replica": [],
            "restore_date_time": null,
            "restore_source_name": null,
            "restore_to_latest_time": null,
            "server_side_encryption": [],
            "stream_arn": "",
            "stream_enabled": false,
            "stream_label": "",
            "stream_view_type": "",
            "table_class": "",
            "tags": {},
            "tags_all": {},
            "timeouts": null,
            "ttl": [
              {
                "attribute_name": "",
                "enabled": false
              }
            ],
            "write_capacity": 0
          },
          "sensitive_attributes": [],
          "private": "eyJlMmJmYjczMC1lY2FhLTExZTYtOGY4OC0zNDM2M2JjN2M0YzAiOnsiY3JlYXRlIjoxODAwMDAwMDAwMDAwLCJkZWxldGUiOjYwMDAwMDAwMDAwMCwidXBkYXRlIjozNjAwMDAwMDAwMDAwfSwic2NoZW1hX3ZlcnNpb24iOiIxIn0="
        }
      ]
    },
    {
      "mode": "managed",
      "type": "aws_dynamodb_table",
      "name": "terraform_locks",
      "provider": "provider[\"registry.terraform.io/hashicorp/aws\"]",
      "instances": [
        {
          "schema_version": 1,
          "attributes": {
            "arn": "arn:aws:dynamodb:us-east-1:291242051131:table/tfstate-crcjcosio-locks",
            "attribute": [
              {
                "name": "LockID",
                "type": "S"
              }
            ],
            "billing_mode": "PAY_PER_REQUEST",
            "global_secondary_index": [],
            "hash_key": "LockID",
            "id": "tfstate-crcjcosio-locks",
            "local_secondary_index": [],
            "name": "tfstate-crcjcosio-locks",
            "point_in_time_recovery": [
              {
                "enabled": false
              }
            ],
            "range_key": null,
            "read_capacity": 0,
            "replica": [],
            "restore_date_time": null,
            "restore_source_name": null,
            "restore_to_latest_time": null,
            "server_side_encryption": [],
            "stream_arn": "",
            "stream_enabled": false,
            "stream_label": "",
            "stream_view_type": "",
            "table_class": "",
            "tags": null,
            "tags_all": {},
            "timeouts": null,
            "ttl": [
              {
                "attribute_name": "",
                "enabled": false
              }
            ],
            "write_capacity": 0
          },
          "sensitive_attributes": [],
          "private": "eyJlMmJmYjczMC1lY2FhLTExZTYtOGY4OC0zNDM2M2JjN2M0YzAiOnsiY3JlYXRlIjoxODAwMDAwMDAwMDAwLCJkZWxldGUiOjYwMDAwMDAwMDAwMCwidXBkYXRlIjozNjAwMDAwMDAwMDAwfSwic2NoZW1hX3ZlcnNpb24iOiIxIn0="
        }
      ]
    },
    {
      "mode": "managed",
      "type": "aws_dynamodb_table_item",
      "name": "VisitorCount",
      "provider": "provider[\"registry.terraform.io/hashicorp/aws\"]",
      "instances": [
        {
          "schema_version": 0,
          "attributes": {
            "hash_key": "Website",
            "id": "CRCDBtable|Website||jcosioresume.com|",
            "item": "        {\r\n        \"Website\": {\"S\": \"jcosioresume.com\"},\r\n        \"VisitorCount\": {\"N\": \"1\"}\r\n        }\r\n",
            "range_key": null,
            "table_name": "CRCDBtable"
          },
          "sensitive_attributes": [],
          "private": "bnVsbA==",
          "dependencies": [
            "aws_dynamodb_table.CRCDBtable"
          ]
        }
      ]
    },
    {
      "mode": "managed",
      "type": "aws_iam_role",
      "name": "CRCLambdaRole",
      "provider": "provider[\"registry.terraform.io/hashicorp/aws\"]",
      "instances": [
        {
          "schema_version": 0,
          "attributes": {
            "arn": "arn:aws:iam::291242051131:role/CRCLambdaRole",
            "assume_role_policy": "{\"Statement\":[{\"Action\":\"sts:AssumeRole\",\"Effect\":\"Allow\",\"Principal\":{\"Service\":\"lambda.amazonaws.com\"},\"Sid\":\"\"}],\"Version\":\"2012-10-17\"}",
            "create_date": "2022-11-15T17:18:31Z",
            "description": "",
            "force_detach_policies": false,
            "id": "CRCLambdaRole",
            "inline_policy": [
              {
                "name": "LambdaRole1",
                "policy": "{\"Statement\":[{\"Action\":[\"dynamodb:DeleteItem\",\"dynamodb:GetItem\",\"dynamodb:PutItem\",\"dynamodb:Scan\",\"dynamodb:UpdateItem\"],\"Effect\":\"Allow\",\"Resource\":\"arn:aws:dynamodb:us-east-1:291242051131:table/CRCDBtable\"}],\"Version\":\"2012-10-17\"}"
              }
            ],
            "managed_policy_arns": [],
            "max_session_duration": 3600,
            "name": "CRCLambdaRole",
            "name_prefix": "",
            "path": "/",
            "permissions_boundary": null,
            "tags": {},
            "tags_all": {},
            "unique_id": "AROAUHT3BAY5TQZQBMYOQ"
          },
          "sensitive_attributes": [],
          "private": "bnVsbA==",
          "create_before_destroy": true
        }
      ]
    },
    {
      "mode": "managed",
      "type": "aws_iam_role_policy",
      "name": "policy1",
      "provider": "provider[\"registry.terraform.io/hashicorp/aws\"]",
      "instances": [
        {
          "schema_version": 0,
          "attributes": {
            "id": "CRCLambdaRole:LambdaRole1",
            "name": "LambdaRole1",
            "name_prefix": null,
            "policy": "{\"Statement\":[{\"Action\":[\"dynamodb:DeleteItem\",\"dynamodb:GetItem\",\"dynamodb:PutItem\",\"dynamodb:Scan\",\"dynamodb:UpdateItem\"],\"Effect\":\"Allow\",\"Resource\":\"arn:aws:dynamodb:us-east-1:291242051131:table/CRCDBtable\"}],\"Version\":\"2012-10-17\"}",
            "role": "CRCLambdaRole"
          },
          "sensitive_attributes": [],
          "private": "bnVsbA==",
          "dependencies": [
            "aws_dynamodb_table.CRCDBtable",
            "aws_iam_role.CRCLambdaRole"
          ]
        }
      ]
    },
    {
      "mode": "managed",
      "type": "aws_lambda_function",
      "name": "CRCLambda",
      "provider": "provider[\"registry.terraform.io/hashicorp/aws\"]",
      "instances": [
        {
          "schema_version": 0,
          "attributes": {
            "architectures": [
              "x86_64"
            ],
            "arn": "arn:aws:lambda:us-east-1:291242051131:function:CRCLambda",
            "code_signing_config_arn": "",
            "dead_letter_config": [],
            "description": "",
            "environment": [],
            "ephemeral_storage": [
              {
                "size": 512
              }
            ],
            "file_system_config": [],
            "filename": "CRCLambda.zip",
            "function_name": "CRCLambda",
            "handler": "lambda_function.lambda_handler",
            "id": "CRCLambda",
            "image_config": [],
            "image_uri": "",
            "invoke_arn": "arn:aws:apigateway:us-east-1:lambda:path/2015-03-31/functions/arn:aws:lambda:us-east-1:291242051131:function:CRCLambda/invocations",
            "kms_key_arn": "",
            "last_modified": "2022-11-15T17:43:19.944+0000",
            "layers": [],
            "memory_size": 128,
            "package_type": "Zip",
            "publish": false,
            "qualified_arn": "arn:aws:lambda:us-east-1:291242051131:function:CRCLambda:$LATEST",
            "qualified_invoke_arn": "arn:aws:apigateway:us-east-1:lambda:path/2015-03-31/functions/arn:aws:lambda:us-east-1:291242051131:function:CRCLambda:$LATEST/invocations",
            "reserved_concurrent_executions": -1,
            "role": "arn:aws:iam::291242051131:role/CRCLambdaRole",
            "runtime": "python3.9",
            "s3_bucket": null,
            "s3_key": null,
            "s3_object_version": null,
            "signing_job_arn": "",
            "signing_profile_version_arn": "",
            "source_code_hash": "GY9Ebl0Qypr1BYuRURpW0bErpF2qwqy3tizVsHxSrTk=",
            "source_code_size": 518,
            "tags": {},
            "tags_all": {},
            "timeout": 3,
            "timeouts": null,
            "tracing_config": [
              {
                "mode": "PassThrough"
              }
            ],
            "version": "$LATEST",
            "vpc_config": []
          },
          "sensitive_attributes": [],
          "private": "eyJlMmJmYjczMC1lY2FhLTExZTYtOGY4OC0zNDM2M2JjN2M0YzAiOnsiY3JlYXRlIjo2MDAwMDAwMDAwMDB9fQ==",
          "dependencies": [
            "aws_iam_role.CRCLambdaRole"
          ],
          "create_before_destroy": true
        }
      ]
    },
    {
      "mode": "managed",
      "type": "aws_lambda_permission",
      "name": "APIGW_lambda",
      "provider": "provider[\"registry.terraform.io/hashicorp/aws\"]",
      "instances": [
        {
          "schema_version": 0,
          "attributes": {
            "action": "lambda:InvokeFunction",
            "event_source_token": null,
            "function_name": "CRCLambda",
            "function_url_auth_type": null,
            "id": "AllowExecutionFromAPIGateway",
            "principal": "apigateway.amazonaws.com",
            "principal_org_id": null,
            "qualifier": "",
            "source_account": null,
            "source_arn": "arn:aws:execute-api:us-east-1:291242051131:szymc9v2f0/*/POST/CRCResource",
            "statement_id": "AllowExecutionFromAPIGateway",
            "statement_id_prefix": ""
          },
          "sensitive_attributes": [],
          "private": "bnVsbA==",
          "dependencies": [
            "aws_api_gateway_method.CRCMethod",
            "aws_api_gateway_resource.CRCResource",
            "aws_api_gateway_rest_api.CRCAPI",
            "aws_iam_role.CRCLambdaRole",
            "aws_lambda_function.CRCLambda"
          ]
        }
      ]
    },
    {
      "mode": "managed",
      "type": "aws_route53_record",
      "name": "CRCRecord",
      "provider": "provider[\"registry.terraform.io/hashicorp/aws\"]",
      "instances": [
        {
          "schema_version": 2,
          "attributes": {
            "alias": [
              {
                "evaluate_target_health": true,
                "name": "d-v3vuxl5qx2.execute-api.us-east-1.amazonaws.com",
                "zone_id": "Z1UJRXOUMOOFQ8"
              }
            ],
            "allow_overwrite": null,
            "failover_routing_policy": [],
            "fqdn": "crcapi.jcosioresume.com",
            "geolocation_routing_policy": [],
            "health_check_id": "",
            "id": "Z0046961CW64JLADUF2H_crcapi.jcosioresume.com_A",
            "latency_routing_policy": [],
            "multivalue_answer_routing_policy": null,
            "name": "crcapi.jcosioresume.com",
            "records": [],
            "set_identifier": "",
            "ttl": 0,
            "type": "A",
            "weighted_routing_policy": [],
            "zone_id": "Z0046961CW64JLADUF2H"
          },
          "sensitive_attributes": [],
          "private": "eyJzY2hlbWFfdmVyc2lvbiI6IjIifQ==",
          "dependencies": [
            "aws_acm_certificate_validation.CRCACMValid",
            "aws_api_gateway_domain_name.CRCAPIDomainName",
            "data.aws_acm_certificate.CRCACMCert",
            "data.aws_route53_zone.CRCprimary"
          ]
        }
      ]
    },
    {
      "mode": "managed",
      "type": "aws_s3_bucket",
      "name": "terraform_state",
      "provider": "provider[\"registry.terraform.io/hashicorp/aws\"]",
      "instances": [
        {
          "schema_version": 0,
          "attributes": {
            "acceleration_status": "",
            "acl": null,
            "arn": "arn:aws:s3:::tfstate-crcjcosio",
            "bucket": "tfstate-crcjcosio",
            "bucket_domain_name": "tfstate-crcjcosio.s3.amazonaws.com",
            "bucket_prefix": null,
            "bucket_regional_domain_name": "tfstate-crcjcosio.s3.amazonaws.com",
            "cors_rule": [],
            "force_destroy": false,
            "grant": [
              {
                "id": "490b7f930191536e6addbc453693ab8f94bbd027029f6f225ed862400e9d169a",
                "permissions": [
                  "FULL_CONTROL"
                ],
                "type": "CanonicalUser",
                "uri": ""
              }
            ],
            "hosted_zone_id": "Z3AQBSTGFYJSTF",
            "id": "tfstate-crcjcosio",
            "lifecycle_rule": [],
            "logging": [],
            "object_lock_configuration": [],
            "object_lock_enabled": false,
            "policy": "",
            "region": "us-east-1",
            "replication_configuration": [],
            "request_payer": "BucketOwner",
            "server_side_encryption_configuration": [],
            "tags": null,
            "tags_all": {},
            "timeouts": null,
            "versioning": [
              {
                "enabled": false,
                "mfa_delete": false
              }
            ],
            "website": [],
            "website_domain": null,
            "website_endpoint": null
          },
          "sensitive_attributes": [],
          "private": "eyJlMmJmYjczMC1lY2FhLTExZTYtOGY4OC0zNDM2M2JjN2M0YzAiOnsiY3JlYXRlIjoxMjAwMDAwMDAwMDAwLCJkZWxldGUiOjM2MDAwMDAwMDAwMDAsInJlYWQiOjEyMDAwMDAwMDAwMDAsInVwZGF0ZSI6MTIwMDAwMDAwMDAwMH19"
        }
      ]
    },
    {
      "mode": "managed",
      "type": "aws_s3_bucket_public_access_block",
      "name": "public_access",
      "provider": "provider[\"registry.terraform.io/hashicorp/aws\"]",
      "instances": [
        {
          "schema_version": 0,
          "attributes": {
            "block_public_acls": true,
            "block_public_policy": true,
            "bucket": "tfstate-crcjcosio",
            "id": "tfstate-crcjcosio",
            "ignore_public_acls": true,
            "restrict_public_buckets": true
          },
          "sensitive_attributes": [],
          "private": "bnVsbA==",
          "dependencies": [
            "aws_s3_bucket.terraform_state"
          ]
        }
      ]
    },
    {
      "mode": "managed",
      "type": "aws_s3_bucket_server_side_encryption_configuration",
      "name": "default",
      "provider": "provider[\"registry.terraform.io/hashicorp/aws\"]",
      "instances": [
        {
          "schema_version": 0,
          "attributes": {
            "bucket": "tfstate-crcjcosio",
            "expected_bucket_owner": "",
            "id": "tfstate-crcjcosio",
            "rule": [
              {
                "apply_server_side_encryption_by_default": [
                  {
                    "kms_master_key_id": "",
                    "sse_algorithm": "AES256"
                  }
                ],
                "bucket_key_enabled": null
              }
            ]
          },
          "sensitive_attributes": [],
          "private": "bnVsbA==",
          "dependencies": [
            "aws_s3_bucket.terraform_state"
          ]
        }
      ]
    },
    {
      "mode": "managed",
      "type": "aws_s3_bucket_versioning",
      "name": "enableversioning",
      "provider": "provider[\"registry.terraform.io/hashicorp/aws\"]",
      "instances": [
        {
          "schema_version": 0,
          "attributes": {
            "bucket": "tfstate-crcjcosio",
            "expected_bucket_owner": "",
            "id": "tfstate-crcjcosio",
            "mfa": null,
            "versioning_configuration": [
              {
                "mfa_delete": "",
                "status": "Enabled"
              }
            ]
          },
          "sensitive_attributes": [],
          "private": "bnVsbA==",
          "dependencies": [
            "aws_s3_bucket.terraform_state"
          ]
        }
      ]
    }
  ],
  "check_results": null
}
